
Microsoft Visual Studio Solution File, Format Version 12.00
# Visual Studio Version 17
VisualStudioVersion = 17.14.36221.1
MinimumVisualStudioVersion = 10.0.40219.1
Project("{FAE04EC0-301F-11D3-BF4B-00C04F79EFBC}") = "rinha-de-backend-2025.api", "src\rinha-de-backend-2025.api\rinha-de-backend-2025.api.csproj", "{AB40687A-44AC-4862-94FC-4A3EE4474B56}"
EndProject
Global
	GlobalSection(SolutionConfigurationPlatforms) = preSolution
		Debug|Any CPU = Debug|Any CPU
		Release|Any CPU = Release|Any CPU
	EndGlobalSection
	GlobalSection(ProjectConfigurationPlatforms) = postSolution
		{AB40687A-44AC-4862-94FC-4A3EE4474B56}.Debug|Any CPU.ActiveCfg = Debug|Any CPU
		{AB40687A-44AC-4862-94FC-4A3EE4474B56}.Debug|Any CPU.Build.0 = Debug|Any CPU
		{AB40687A-44AC-4862-94FC-4A3EE4474B56}.Release|Any CPU.ActiveCfg = Release|Any CPU
		{AB40687A-44AC-4862-94FC-4A3EE4474B56}.Release|Any CPU.Build.0 = Release|Any CPU
	EndGlobalSection
	GlobalSection(SolutionProperties) = preSolution
		HideSolutionNode = FALSE
	EndGlobalSection
	GlobalSection(ExtensibilityGlobals) = postSolution
		SolutionGuid = {BC8D0FBF-C761-48B3-94E6-52D5ED523917}
	EndGlobalSection
EndGlobal
